
Microsoft Visual Studio Solution File, Format Version 12.00
# Visual Studio 15
VisualStudioVersion = 15.0.28307.136
MinimumVisualStudioVersion = 10.0.40219.1
Project("{8BC9CEB8-8B4A-11D0-8D11-00A0C91BC942}") = "WindowsProject3", "WindowsProject3\WindowsProject3.vcxproj", "{90FFDB69-33EE-4EBB-97AD-BBEB34E41BA3}"
EndProject
Global
	GlobalSection(SolutionConfigurationPlatforms) = preSolution
		Debug|x64 = Debug|x64
		Debug|x86 = Debug|x86
		Release|x64 = Release|x64
		Release|x86 = Release|x86
	EndGlobalSection
	GlobalSection(ProjectConfigurationPlatforms) = postSolution
		{90FFDB69-33EE-4EBB-97AD-BBEB34E41BA3}.Debug|x64.ActiveCfg = Debug|x64
		{90FFDB69-33EE-4EBB-97AD-BBEB34E41BA3}.Debug|x64.Build.0 = Debug|x64
		{90FFDB69-33EE-4EBB-97AD-BBEB34E41BA3}.Debug|x86.ActiveCfg = Debug|Win32
		{90FFDB69-33EE-4EBB-97AD-BBEB34E41BA3}.Debug|x86.Build.0 = Debug|Win32
		{90FFDB69-33EE-4EBB-97AD-BBEB34E41BA3}.Release|x64.ActiveCfg = Release|x64
		{90FFDB69-33EE-4EBB-97AD-BBEB34E41BA3}.Release|x64.Build.0 = Release|x64
		{90FFDB69-33EE-4EBB-97AD-BBEB34E41BA3}.Release|x86.ActiveCfg = Release|Win32
		{90FFDB69-33EE-4EBB-97AD-BBEB34E41BA3}.Release|x86.Build.0 = Release|Win32
	EndGlobalSection
	GlobalSection(SolutionProperties) = preSolution
		HideSolutionNode = FALSE
	EndGlobalSection
	GlobalSection(ExtensibilityGlobals) = postSolution
		SolutionGuid = {4AAD89C0-80E8-4072-8380-15BDCC238D96}
	EndGlobalSection
EndGlobal
