
Microsoft Visual Studio Solution File, Format Version 12.00
# Visual Studio 15
VisualStudioVersion = 15.0.28307.489
MinimumVisualStudioVersion = 10.0.40219.1
Project("{8BC9CEB8-8B4A-11D0-8D11-00A0C91BC942}") = "Test_2", "Test_2\Test_2.vcxproj", "{88DD033A-74DB-4A6A-9FD3-A73E6639F056}"
EndProject
Global
	GlobalSection(SolutionConfigurationPlatforms) = preSolution
		Debug|x64 = Debug|x64
		Debug|x86 = Debug|x86
		Release|x64 = Release|x64
		Release|x86 = Release|x86
	EndGlobalSection
	GlobalSection(ProjectConfigurationPlatforms) = postSolution
		{88DD033A-74DB-4A6A-9FD3-A73E6639F056}.Debug|x64.ActiveCfg = Debug|x64
		{88DD033A-74DB-4A6A-9FD3-A73E6639F056}.Debug|x64.Build.0 = Debug|x64
		{88DD033A-74DB-4A6A-9FD3-A73E6639F056}.Debug|x86.ActiveCfg = Debug|Win32
		{88DD033A-74DB-4A6A-9FD3-A73E6639F056}.Debug|x86.Build.0 = Debug|Win32
		{88DD033A-74DB-4A6A-9FD3-A73E6639F056}.Release|x64.ActiveCfg = Release|x64
		{88DD033A-74DB-4A6A-9FD3-A73E6639F056}.Release|x64.Build.0 = Release|x64
		{88DD033A-74DB-4A6A-9FD3-A73E6639F056}.Release|x86.ActiveCfg = Release|Win32
		{88DD033A-74DB-4A6A-9FD3-A73E6639F056}.Release|x86.Build.0 = Release|Win32
	EndGlobalSection
	GlobalSection(SolutionProperties) = preSolution
		HideSolutionNode = FALSE
	EndGlobalSection
	GlobalSection(ExtensibilityGlobals) = postSolution
		SolutionGuid = {CDDA49A7-19E4-41D5-BDF4-76D4837D03DC}
	EndGlobalSection
EndGlobal
